
Microsoft Visual Studio Solution File, Format Version 12.00
# Visual Studio Version 17
VisualStudioVersion = 17.2.32602.215
MinimumVisualStudioVersion = 10.0.40219.1
Project("{9A19103F-16F7-4668-BE54-9A1E7A4F7556}") = "ExtensionBox", "ExtensionBox\ExtensionBox.csproj", "{03D570BB-8607-4BDB-ABBE-213AFC83ED83}"
EndProject
Project("{FAE04EC0-301F-11D3-BF4B-00C04F79EFBC}") = "ExtensionBox.Tests.Unit", "ExtensionBox.Tests.Unit\ExtensionBox.Tests.Unit.csproj", "{AE398B5B-3880-4EB7-895E-C885BF1DEAA6}"
EndProject
Global
	GlobalSection(SolutionConfigurationPlatforms) = preSolution
		Debug|Any CPU = Debug|Any CPU
		Release|Any CPU = Release|Any CPU
	EndGlobalSection
	GlobalSection(ProjectConfigurationPlatforms) = postSolution
		{03D570BB-8607-4BDB-ABBE-213AFC83ED83}.Debug|Any CPU.ActiveCfg = Debug|Any CPU
		{03D570BB-8607-4BDB-ABBE-213AFC83ED83}.Debug|Any CPU.Build.0 = Debug|Any CPU
		{03D570BB-8607-4BDB-ABBE-213AFC83ED83}.Release|Any CPU.ActiveCfg = Release|Any CPU
		{03D570BB-8607-4BDB-ABBE-213AFC83ED83}.Release|Any CPU.Build.0 = Release|Any CPU
		{AE398B5B-3880-4EB7-895E-C885BF1DEAA6}.Debug|Any CPU.ActiveCfg = Debug|Any CPU
		{AE398B5B-3880-4EB7-895E-C885BF1DEAA6}.Debug|Any CPU.Build.0 = Debug|Any CPU
		{AE398B5B-3880-4EB7-895E-C885BF1DEAA6}.Release|Any CPU.ActiveCfg = Release|Any CPU
		{AE398B5B-3880-4EB7-895E-C885BF1DEAA6}.Release|Any CPU.Build.0 = Release|Any CPU
	EndGlobalSection
	GlobalSection(SolutionProperties) = preSolution
		HideSolutionNode = FALSE
	EndGlobalSection
	GlobalSection(ExtensibilityGlobals) = postSolution
		SolutionGuid = {F6825041-AA1E-406F-A337-34F8BAAD90C6}
	EndGlobalSection
EndGlobal
